# This file is automatically @generated by Cargo.
# It is not intended for manual editing.
[[package]]
name = "damo_fetch"
version = "0.1.0"
dependencies = [
 "nixinfo",
]

[[package]]
name = "glob"
version = "0.3.0"
source = "registry+https://github.com/rust-lang/crates.io-index"
checksum = "9b919933a397b79c37e33b77bb2aa3dc8eb6e165ad809e58ff75bc7db2e34574"

[[package]]
name = "nixinfo"
version = "0.2.9"
source = "registry+https://github.com/rust-lang/crates.io-index"
checksum = "1930126e67a0682aee6dc153c150e9de5eeabe8f80cb964acd7be1cc0738fd4b"
dependencies = [
 "glob",
]
